
Microsoft Visual Studio Solution File, Format Version 12.00
# Visual Studio Version 17
VisualStudioVersion = 17.5.002.0
MinimumVisualStudioVersion = 10.0.40219.1
Project("{9A19103F-16F7-4668-BE54-9A1E7A4F7556}") = "Starter", "Starter.csproj", "{905DDBA8-F7E4-4BB3-932A-19A28F55365A}"
EndProject
Global
	GlobalSection(SolutionConfigurationPlatforms) = preSolution
		Debug|Any CPU = Debug|Any CPU
		Release|Any CPU = Release|Any CPU
	EndGlobalSection
	GlobalSection(ProjectConfigurationPlatforms) = postSolution
		{905DDBA8-F7E4-4BB3-932A-19A28F55365A}.Debug|Any CPU.ActiveCfg = Debug|Any CPU
		{905DDBA8-F7E4-4BB3-932A-19A28F55365A}.Debug|Any CPU.Build.0 = Debug|Any CPU
		{905DDBA8-F7E4-4BB3-932A-19A28F55365A}.Release|Any CPU.ActiveCfg = Release|Any CPU
		{905DDBA8-F7E4-4BB3-932A-19A28F55365A}.Release|Any CPU.Build.0 = Release|Any CPU
	EndGlobalSection
	GlobalSection(SolutionProperties) = preSolution
		HideSolutionNode = FALSE
	EndGlobalSection
	GlobalSection(ExtensibilityGlobals) = postSolution
		SolutionGuid = {746BC599-1E7C-4EFE-B7F5-650B436C32AE}
	EndGlobalSection
EndGlobal
